// !$*UTF8*$!
{
	archiveVersion = 1;
	classes = {
	};
	objectVersion = 50;
	objects = {

/* Begin PBXBuildFile section */
		8C2B3725243916DD000480BE /* AppDelegate.swift in Sources */ = {isa = PBXBuildFile; fileRef = 8C2B3724243916DD000480BE /* AppDelegate.swift */; };
		8C2B3727243916DD000480BE /* SceneDelegate.swift in Sources */ = {isa = PBXBuildFile; fileRef = 8C2B3726243916DD000480BE /* SceneDelegate.swift */; };
		8C2B3729243916DD000480BE /* RedditViewController.swift in Sources */ = {isa = PBXBuildFile; fileRef = 8C2B3728243916DD000480BE /* RedditViewController.swift */; };
		8C2B372C243916DD000480BE /* Main.storyboard in Resources */ = {isa = PBXBuildFile; fileRef = 8C2B372A243916DD000480BE /* Main.storyboard */; };
		8C2B372E243916DD000480BE /* Assets.xcassets in Resources */ = {isa = PBXBuildFile; fileRef = 8C2B372D243916DD000480BE /* Assets.xcassets */; };
		8C2B3731243916DD000480BE /* LaunchScreen.storyboard in Resources */ = {isa = PBXBuildFile; fileRef = 8C2B372F243916DD000480BE /* LaunchScreen.storyboard */; };
		8C2B373C24391AEC000480BE /* Constants.swift in Sources */ = {isa = PBXBuildFile; fileRef = 8C2B373B24391AEC000480BE /* Constants.swift */; };
		8C2B373F24391D12000480BE /* RedditData.swift in Sources */ = {isa = PBXBuildFile; fileRef = 8C2B373E24391D12000480BE /* RedditData.swift */; };
		8C2B374124391D26000480BE /* RedditPost.swift in Sources */ = {isa = PBXBuildFile; fileRef = 8C2B374024391D26000480BE /* RedditPost.swift */; };
/* End PBXBuildFile section */

/* Begin PBXFileReference section */
		8C2B3721243916DD000480BE /* Reddit Test.app */ = {isa = PBXFileReference; explicitFileType = wrapper.application; includeInIndex = 0; path = "Reddit Test.app"; sourceTree = BUILT_PRODUCTS_DIR; };
		8C2B3724243916DD000480BE /* AppDelegate.swift */ = {isa = PBXFileReference; lastKnownFileType = sourcecode.swift; path = AppDelegate.swift; sourceTree = "<group>"; };
		8C2B3726243916DD000480BE /* SceneDelegate.swift */ = {isa = PBXFileReference; lastKnownFileType = sourcecode.swift; path = SceneDelegate.swift; sourceTree = "<group>"; };
		8C2B3728243916DD000480BE /* RedditViewController.swift */ = {isa = PBXFileReference; lastKnownFileType = sourcecode.swift; path = RedditViewController.swift; sourceTree = "<group>"; };
		8C2B372B243916DD000480BE /* Base */ = {isa = PBXFileReference; lastKnownFileType = file.storyboard; name = Base; path = Base.lproj/Main.storyboard; sourceTree = "<group>"; };
		8C2B372D243916DD000480BE /* Assets.xcassets */ = {isa = PBXFileReference; lastKnownFileType = folder.assetcatalog; path = Assets.xcassets; sourceTree = "<group>"; };
		8C2B3730243916DD000480BE /* Base */ = {isa = PBXFileReference; lastKnownFileType = file.storyboard; name = Base; path = Base.lproj/LaunchScreen.storyboard; sourceTree = "<group>"; };
		8C2B3732243916DD000480BE /* Info.plist */ = {isa = PBXFileReference; lastKnownFileType = text.plist.xml; path = Info.plist; sourceTree = "<group>"; };
		8C2B373B24391AEC000480BE /* Constants.swift */ = {isa = PBXFileReference; lastKnownFileType = sourcecode.swift; path = Constants.swift; sourceTree = "<group>"; };
		8C2B373E24391D12000480BE /* RedditData.swift */ = {isa = PBXFileReference; lastKnownFileType = sourcecode.swift; path = RedditData.swift; sourceTree = "<group>"; };
		8C2B374024391D26000480BE /* RedditPost.swift */ = {isa = PBXFileReference; lastKnownFileType = sourcecode.swift; path = RedditPost.swift; sourceTree = "<group>"; };
/* End PBXFileReference section */

/* Begin PBXFrameworksBuildPhase section */
		8C2B371E243916DD000480BE /* Frameworks */ = {
			isa = PBXFrameworksBuildPhase;
			buildActionMask = 2147483647;
			files = (
			);
			runOnlyForDeploymentPostprocessing = 0;
		};
/* End PBXFrameworksBuildPhase section */

/* Begin PBXGroup section */
		8C2B3718243916DD000480BE = {
			isa = PBXGroup;
			children = (
				8C2B3723243916DD000480BE /* deviget-reddit-test */,
				8C2B3722243916DD000480BE /* Products */,
			);
			sourceTree = "<group>";
		};
		8C2B3722243916DD000480BE /* Products */ = {
			isa = PBXGroup;
			children = (
				8C2B3721243916DD000480BE /* Reddit Test.app */,
			);
			name = Products;
			sourceTree = "<group>";
		};
		8C2B3723243916DD000480BE /* deviget-reddit-test */ = {
			isa = PBXGroup;
			children = (
				8C2B373B24391AEC000480BE /* Constants.swift */,
				8C2B373D24391CCF000480BE /* Models */,
				8C2B373824391761000480BE /* ViewControllers */,
				8C2B3724243916DD000480BE /* AppDelegate.swift */,
				8C2B3726243916DD000480BE /* SceneDelegate.swift */,
				8C2B372A243916DD000480BE /* Main.storyboard */,
				8C2B372D243916DD000480BE /* Assets.xcassets */,
				8C2B372F243916DD000480BE /* LaunchScreen.storyboard */,
				8C2B3732243916DD000480BE /* Info.plist */,
			);
			path = "deviget-reddit-test";
			sourceTree = "<group>";
		};
		8C2B373824391761000480BE /* ViewControllers */ = {
			isa = PBXGroup;
			children = (
				8C2B3728243916DD000480BE /* RedditViewController.swift */,
			);
			path = ViewControllers;
			sourceTree = "<group>";
		};
		8C2B373D24391CCF000480BE /* Models */ = {
			isa = PBXGroup;
			children = (
				8C2B373E24391D12000480BE /* RedditData.swift */,
				8C2B374024391D26000480BE /* RedditPost.swift */,
			);
			path = Models;
			sourceTree = "<group>";
		};
/* End PBXGroup section */

/* Begin PBXNativeTarget section */
		8C2B3720243916DD000480BE /* deviget-reddit-test */ = {
			isa = PBXNativeTarget;
			buildConfigurationList = 8C2B3735243916DD000480BE /* Build configuration list for PBXNativeTarget "deviget-reddit-test" */;
			buildPhases = (
				8C2B371D243916DD000480BE /* Sources */,
				8C2B371E243916DD000480BE /* Frameworks */,
				8C2B371F243916DD000480BE /* Resources */,
			);
			buildRules = (
			);
			dependencies = (
			);
			name = "deviget-reddit-test";
			productName = "deviget-reddit-test";
			productReference = 8C2B3721243916DD000480BE /* Reddit Test.app */;
			productType = "com.apple.product-type.application";
		};
/* End PBXNativeTarget section */

/* Begin PBXProject section */
		8C2B3719243916DD000480BE /* Project object */ = {
			isa = PBXProject;
			attributes = {
				LastSwiftUpdateCheck = 1130;
				LastUpgradeCheck = 1130;
				ORGANIZATIONNAME = "Christo Apps";
				TargetAttributes = {
					8C2B3720243916DD000480BE = {
						CreatedOnToolsVersion = 11.3.1;
					};
				};
			};
			buildConfigurationList = 8C2B371C243916DD000480BE /* Build configuration list for PBXProject "deviget-reddit-test" */;
			compatibilityVersion = "Xcode 9.3";
			developmentRegion = en;
			hasScannedForEncodings = 0;
			knownRegions = (
				en,
				Base,
			);
			mainGroup = 8C2B3718243916DD000480BE;
			productRefGroup = 8C2B3722243916DD000480BE /* Products */;
			projectDirPath = "";
			projectRoot = "";
			targets = (
				8C2B3720243916DD000480BE /* deviget-reddit-test */,
			);
		};
/* End PBXProject section */

/* Begin PBXResourcesBuildPhase section */
		8C2B371F243916DD000480BE /* Resources */ = {
			isa = PBXResourcesBuildPhase;
			buildActionMask = 2147483647;
			files = (
				8C2B3731243916DD000480BE /* LaunchScreen.storyboard in Resources */,
				8C2B372E243916DD000480BE /* Assets.xcassets in Resources */,
				8C2B372C243916DD000480BE /* Main.storyboard in Resources */,
			);
			runOnlyForDeploymentPostprocessing = 0;
		};
/* End PBXResourcesBuildPhase section */

/* Begin PBXSourcesBuildPhase section */
		8C2B371D243916DD000480BE /* Sources */ = {
			isa = PBXSourcesBuildPhase;
			buildActionMask = 2147483647;
			files = (
				8C2B3729243916DD000480BE /* RedditViewController.swift in Sources */,
				8C2B3725243916DD000480BE /* AppDelegate.swift in Sources */,
				8C2B3727243916DD000480BE /* SceneDelegate.swift in Sources */,
				8C2B373C24391AEC000480BE /* Constants.swift in Sources */,
				8C2B373F24391D12000480BE /* RedditData.swift in Sources */,
				8C2B374124391D26000480BE /* RedditPost.swift in Sources */,
			);
			runOnlyForDeploymentPostprocessing = 0;
		};
/* End PBXSourcesBuildPhase section */

/* Begin PBXVariantGroup section */
		8C2B372A243916DD000480BE /* Main.storyboard */ = {
			isa = PBXVariantGroup;
			children = (
				8C2B372B243916DD000480BE /* Base */,
			);
			name = Main.storyboard;
			sourceTree = "<group>";
		};
		8C2B372F243916DD000480BE /* LaunchScreen.storyboard */ = {
			isa = PBXVariantGroup;
			children = (
				8C2B3730243916DD000480BE /* Base */,
			);
			name = LaunchScreen.storyboard;
			sourceTree = "<group>";
		};
/* End PBXVariantGroup section */

/* Begin XCBuildConfiguration section */
		8C2B3733243916DD000480BE /* Debug */ = {
			isa = XCBuildConfiguration;
			buildSettings = {
				ALWAYS_SEARCH_USER_PATHS = NO;
				CLANG_ANALYZER_NONNULL = YES;
				CLANG_ANALYZER_NUMBER_OBJECT_CONVERSION = YES_AGGRESSIVE;
				CLANG_CXX_LANGUAGE_STANDARD = "gnu++14";
				CLANG_CXX_LIBRARY = "libc++";
				CLANG_ENABLE_MODULES = YES;
				CLANG_ENABLE_OBJC_ARC = YES;
				CLANG_ENABLE_OBJC_WEAK = YES;
				CLANG_WARN_BLOCK_CAPTURE_AUTORELEASING = YES;
				CLANG_WARN_BOOL_CONVERSION = YES;
				CLANG_WARN_COMMA = YES;
				CLANG_WARN_CONSTANT_CONVERSION = YES;
				CLANG_WARN_DEPRECATED_OBJC_IMPLEMENTATIONS = YES;
				CLANG_WARN_DIRECT_OBJC_ISA_USAGE = YES_ERROR;
				CLANG_WARN_DOCUMENTATION_COMMENTS = YES;
				CLANG_WARN_EMPTY_BODY = YES;
				CLANG_WARN_ENUM_CONVERSION = YES;
				CLANG_WARN_INFINITE_RECURSION = YES;
				CLANG_WARN_INT_CONVERSION = YES;
				CLANG_WARN_NON_LITERAL_NULL_CONVERSION = YES;
				CLANG_WARN_OBJC_IMPLICIT_RETAIN_SELF = YES;
				CLANG_WARN_OBJC_LITERAL_CONVERSION = YES;
				CLANG_WARN_OBJC_ROOT_CLASS = YES_ERROR;
				CLANG_WARN_RANGE_LOOP_ANALYSIS = YES;
				CLANG_WARN_STRICT_PROTOTYPES = YES;
				CLANG_WARN_SUSPICIOUS_MOVE = YES;
				CLANG_WARN_UNGUARDED_AVAILABILITY = YES_AGGRESSIVE;
				CLANG_WARN_UNREACHABLE_CODE = YES;
				CLANG_WARN__DUPLICATE_METHOD_MATCH = YES;
				COPY_PHASE_STRIP = NO;
				DEBUG_INFORMATION_FORMAT = dwarf;
				ENABLE_STRICT_OBJC_MSGSEND = YES;
				ENABLE_TESTABILITY = YES;
				GCC_C_LANGUAGE_STANDARD = gnu11;
				GCC_DYNAMIC_NO_PIC = NO;
				GCC_NO_COMMON_BLOCKS = YES;
				GCC_OPTIMIZATION_LEVEL = 0;
				GCC_PREPROCESSOR_DEFINITIONS = (
					"DEBUG=1",
					"$(inherited)",
				);
				GCC_WARN_64_TO_32_BIT_CONVERSION = YES;
				GCC_WARN_ABOUT_RETURN_TYPE = YES_ERROR;
				GCC_WARN_UNDECLARED_SELECTOR = YES;
				GCC_WARN_UNINITIALIZED_AUTOS = YES_AGGRESSIVE;
				GCC_WARN_UNUSED_FUNCTION = YES;
				GCC_WARN_UNUSED_VARIABLE = YES;
				IPHONEOS_DEPLOYMENT_TARGET = 13.2;
				MTL_ENABLE_DEBUG_INFO = INCLUDE_SOURCE;
				MTL_FAST_MATH = YES;
				ONLY_ACTIVE_ARCH = YES;
				SDKROOT = iphoneos;
				SWIFT_ACTIVE_COMPILATION_CONDITIONS = DEBUG;
				SWIFT_OPTIMIZATION_LEVEL = "-Onone";
			};
			name = Debug;
		};
		8C2B3734243916DD000480BE /* Release */ = {
			isa = XCBuildConfiguration;
			buildSettings = {
				ALWAYS_SEARCH_USER_PATHS = NO;
				CLANG_ANALYZER_NONNULL = YES;
				CLANG_ANALYZER_NUMBER_OBJECT_CONVERSION = YES_AGGRESSIVE;
				CLANG_CXX_LANGUAGE_STANDARD = "gnu++14";
				CLANG_CXX_LIBRARY = "libc++";
				CLANG_ENABLE_MODULES = YES;
				CLANG_ENABLE_OBJC_ARC = YES;
				CLANG_ENABLE_OBJC_WEAK = YES;
				CLANG_WARN_BLOCK_CAPTURE_AUTORELEASING = YES;
				CLANG_WARN_BOOL_CONVERSION = YES;
				CLANG_WARN_COMMA = YES;
				CLANG_WARN_CONSTANT_CONVERSION = YES;
				CLANG_WARN_DEPRECATED_OBJC_IMPLEMENTATIONS = YES;
				CLANG_WARN_DIRECT_OBJC_ISA_USAGE = YES_ERROR;
				CLANG_WARN_DOCUMENTATION_COMMENTS = YES;
				CLANG_WARN_EMPTY_BODY = YES;
				CLANG_WARN_ENUM_CONVERSION = YES;
				CLANG_WARN_INFINITE_RECURSION = YES;
				CLANG_WARN_INT_CONVERSION = YES;
				CLANG_WARN_NON_LITERAL_NULL_CONVERSION = YES;
				CLANG_WARN_OBJC_IMPLICIT_RETAIN_SELF = YES;
				CLANG_WARN_OBJC_LITERAL_CONVERSION = YES;
				CLANG_WARN_OBJC_ROOT_CLASS = YES_ERROR;
				CLANG_WARN_RANGE_LOOP_ANALYSIS = YES;
				CLANG_WARN_STRICT_PROTOTYPES = YES;
				CLANG_WARN_SUSPICIOUS_MOVE = YES;
				CLANG_WARN_UNGUARDED_AVAILABILITY = YES_AGGRESSIVE;
				CLANG_WARN_UNREACHABLE_CODE = YES;
				CLANG_WARN__DUPLICATE_METHOD_MATCH = YES;
				COPY_PHASE_STRIP = NO;
				DEBUG_INFORMATION_FORMAT = "dwarf-with-dsym";
				ENABLE_NS_ASSERTIONS = NO;
				ENABLE_STRICT_OBJC_MSGSEND = YES;
				GCC_C_LANGUAGE_STANDARD = gnu11;
				GCC_NO_COMMON_BLOCKS = YES;
				GCC_WARN_64_TO_32_BIT_CONVERSION = YES;
				GCC_WARN_ABOUT_RETURN_TYPE = YES_ERROR;
				GCC_WARN_UNDECLARED_SELECTOR = YES;
				GCC_WARN_UNINITIALIZED_AUTOS = YES_AGGRESSIVE;
				GCC_WARN_UNUSED_FUNCTION = YES;
				GCC_WARN_UNUSED_VARIABLE = YES;
				IPHONEOS_DEPLOYMENT_TARGET = 13.2;
				MTL_ENABLE_DEBUG_INFO = NO;
				MTL_FAST_MATH = YES;
				SDKROOT = iphoneos;
				SWIFT_COMPILATION_MODE = wholemodule;
				SWIFT_OPTIMIZATION_LEVEL = "-O";
				VALIDATE_PRODUCT = YES;
			};
			name = Release;
		};
		8C2B3736243916DD000480BE /* Debug */ = {
			isa = XCBuildConfiguration;
			buildSettings = {
				ASSETCATALOG_COMPILER_APPICON_NAME = AppIcon;
				CODE_SIGN_STYLE = Automatic;
				INFOPLIST_FILE = "deviget-reddit-test/Info.plist";
				LD_RUNPATH_SEARCH_PATHS = (
					"$(inherited)",
					"@executable_path/Frameworks",
				);
				PRODUCT_BUNDLE_IDENTIFIER = "com.christoapps.deviget-reddit-test";
				PRODUCT_NAME = "Reddit Test";
				SWIFT_VERSION = 5.0;
				TARGETED_DEVICE_FAMILY = "1,2";
			};
			name = Debug;
		};
		8C2B3737243916DD000480BE /* Release */ = {
			isa = XCBuildConfiguration;
			buildSettings = {
				ASSETCATALOG_COMPILER_APPICON_NAME = AppIcon;
				CODE_SIGN_STYLE = Automatic;
				INFOPLIST_FILE = "deviget-reddit-test/Info.plist";
				LD_RUNPATH_SEARCH_PATHS = (
					"$(inherited)",
					"@executable_path/Frameworks",
				);
				PRODUCT_BUNDLE_IDENTIFIER = "com.christoapps.deviget-reddit-test";
				PRODUCT_NAME = "Reddit Test";
				SWIFT_VERSION = 5.0;
				TARGETED_DEVICE_FAMILY = "1,2";
			};
			name = Release;
		};
/* End XCBuildConfiguration section */

/* Begin XCConfigurationList section */
		8C2B371C243916DD000480BE /* Build configuration list for PBXProject "deviget-reddit-test" */ = {
			isa = XCConfigurationList;
			buildConfigurations = (
				8C2B3733243916DD000480BE /* Debug */,
				8C2B3734243916DD000480BE /* Release */,
			);
			defaultConfigurationIsVisible = 0;
			defaultConfigurationName = Release;
		};
		8C2B3735243916DD000480BE /* Build configuration list for PBXNativeTarget "deviget-reddit-test" */ = {
			isa = XCConfigurationList;
			buildConfigurations = (
				8C2B3736243916DD000480BE /* Debug */,
				8C2B3737243916DD000480BE /* Release */,
			);
			defaultConfigurationIsVisible = 0;
			defaultConfigurationName = Release;
		};
/* End XCConfigurationList section */
	};
	rootObject = 8C2B3719243916DD000480BE /* Project object */;
}
